
Microsoft Visual Studio Solution File, Format Version 12.00
# Visual Studio Version 16
VisualStudioVersion = 16.0.33027.164
MinimumVisualStudioVersion = 10.0.40219.1
Project("{FAE04EC0-301F-11D3-BF4B-00C04F79EFBC}") = "ConsoleApp4", "ConsoleApp4\ConsoleApp4.csproj", "{DEDD6587-A127-4954-A7F3-50FC6894D42E}"
EndProject
Global
	GlobalSection(SolutionConfigurationPlatforms) = preSolution
		Debug|Any CPU = Debug|Any CPU
		Release|Any CPU = Release|Any CPU
	EndGlobalSection
	GlobalSection(ProjectConfigurationPlatforms) = postSolution
		{DEDD6587-A127-4954-A7F3-50FC6894D42E}.Debug|Any CPU.ActiveCfg = Debug|Any CPU
		{DEDD6587-A127-4954-A7F3-50FC6894D42E}.Debug|Any CPU.Build.0 = Debug|Any CPU
		{DEDD6587-A127-4954-A7F3-50FC6894D42E}.Release|Any CPU.ActiveCfg = Release|Any CPU
		{DEDD6587-A127-4954-A7F3-50FC6894D42E}.Release|Any CPU.Build.0 = Release|Any CPU
	EndGlobalSection
	GlobalSection(SolutionProperties) = preSolution
		HideSolutionNode = FALSE
	EndGlobalSection
	GlobalSection(ExtensibilityGlobals) = postSolution
		SolutionGuid = {7B553CC6-F0E2-4B67-AB1E-4B378798FCB0}
	EndGlobalSection
EndGlobal
